
Microsoft Visual Studio Solution File, Format Version 12.00
# Visual Studio Version 16
VisualStudioVersion = 16.0.31702.278
MinimumVisualStudioVersion = 10.0.40219.1
Project("{FAE04EC0-301F-11D3-BF4B-00C04F79EFBC}") = "FivePD Bank Robbery", "FivePD Bank Robbery\FivePD Bank Robbery.csproj", "{90D338C4-BEBE-4F03-90D9-C44D154F5A2B}"
EndProject
Global
	GlobalSection(SolutionConfigurationPlatforms) = preSolution
		Debug|Any CPU = Debug|Any CPU
		Release|Any CPU = Release|Any CPU
	EndGlobalSection
	GlobalSection(ProjectConfigurationPlatforms) = postSolution
		{90D338C4-BEBE-4F03-90D9-C44D154F5A2B}.Debug|Any CPU.ActiveCfg = Debug|Any CPU
		{90D338C4-BEBE-4F03-90D9-C44D154F5A2B}.Debug|Any CPU.Build.0 = Debug|Any CPU
		{90D338C4-BEBE-4F03-90D9-C44D154F5A2B}.Release|Any CPU.ActiveCfg = Release|Any CPU
		{90D338C4-BEBE-4F03-90D9-C44D154F5A2B}.Release|Any CPU.Build.0 = Release|Any CPU
	EndGlobalSection
	GlobalSection(SolutionProperties) = preSolution
		HideSolutionNode = FALSE
	EndGlobalSection
	GlobalSection(ExtensibilityGlobals) = postSolution
		SolutionGuid = {7A1DB5C1-BBAA-40D2-B88F-E77D34BB6EBC}
	EndGlobalSection
EndGlobal
